{
  "version": 4,
  "terraform_version": "1.6.4",
  "serial": 15,
  "lineage": "6f9c7be5-4359-6012-a710-c5ce85261710",
  "outputs": {
    "kubernetes_cluster_host": {
      "value": "104.154.240.255",
      "type": "string"
    },
    "kubernetes_cluster_name": {
      "value": "deix-test-398321-gke",
      "type": "string"
    },
    "project_id": {
      "value": "deix-test-398321",
      "type": "string"
    },
    "region": {
      "value": "us-central1",
      "type": "string"
    }
  },
  "resources": [
    {
      "mode": "data",
      "type": "google_container_engine_versions",
      "name": "gke_version",
      "provider": "provider[\"registry.terraform.io/hashicorp/google\"]",
      "instances": [
        {
          "schema_version": 0,
          "attributes": {
            "default_cluster_version": "1.27.3-gke.100",
            "id": "2023-11-27 14:18:57.036521 +0000 UTC",
            "latest_master_version": "1.27.7-gke.1121000",
            "latest_node_version": "1.27.7-gke.1121000",
            "location": "us-central1",
            "project": null,
            "release_channel_default_version": {
              "RAPID": "1.27.5-gke.200",
              "REGULAR": "1.27.3-gke.100",
              "STABLE": "1.27.3-gke.100"
            },
            "release_channel_latest_version": {
              "RAPID": "1.27.7-gke.1121000",
              "REGULAR": "1.27.5-gke.200",
              "STABLE": "1.27.4-gke.900"
            },
            "valid_master_versions": [
              "1.27.7-gke.1121000",
              "1.27.7-gke.1088000",
              "1.27.6-gke.1445000",
              "1.27.6-gke.1248000",
              "1.27.5-gke.200",
              "1.27.4-gke.900",
              "1.27.3-gke.1700",
              "1.27.3-gke.100",
              "1.27.2-gke.2100",
              "1.27.2-gke.1200"
            ],
            "valid_node_versions": [
              "1.27.7-gke.1121000",
              "1.27.7-gke.1088000",
              "1.27.7-gke.1056000",
              "1.27.7-gke.1038000",
              "1.27.6-gke.1506000",
              "1.27.6-gke.1445000",
              "1.27.6-gke.1248000",
              "1.27.5-gke.200",
              "1.27.4-gke.900",
              "1.27.3-gke.1700",
              "1.27.3-gke.100",
              "1.27.2-gke.2100",
              "1.27.2-gke.1200"
            ],
            "version_prefix": "1.27."
          },
          "sensitive_attributes": []
        }
      ]
    },
    {
      "mode": "managed",
      "type": "google_compute_network",
      "name": "vpc",
      "provider": "provider[\"registry.terraform.io/hashicorp/google\"]",
      "instances": [
        {
          "schema_version": 0,
          "attributes": {
            "auto_create_subnetworks": false,
            "delete_default_routes_on_create": false,
            "description": "",
            "enable_ula_internal_ipv6": false,
            "gateway_ipv4": "",
            "id": "projects/deix-test-398321/global/networks/deix-test-398321-vpc",
            "internal_ipv6_range": "",
            "mtu": 0,
            "name": "deix-test-398321-vpc",
            "network_firewall_policy_enforcement_order": "AFTER_CLASSIC_FIREWALL",
            "project": "deix-test-398321",
            "routing_mode": "REGIONAL",
            "self_link": "https://www.googleapis.com/compute/v1/projects/deix-test-398321/global/networks/deix-test-398321-vpc",
            "timeouts": null
          },
          "sensitive_attributes": [],
          "private": "eyJlMmJmYjczMC1lY2FhLTExZTYtOGY4OC0zNDM2M2JjN2M0YzAiOnsiY3JlYXRlIjoxMjAwMDAwMDAwMDAwLCJkZWxldGUiOjEyMDAwMDAwMDAwMDAsInVwZGF0ZSI6MTIwMDAwMDAwMDAwMH19"
        }
      ]
    },
    {
      "mode": "managed",
      "type": "google_compute_subnetwork",
      "name": "subnet",
      "provider": "provider[\"registry.terraform.io/hashicorp/google\"]",
      "instances": [
        {
          "schema_version": 0,
          "attributes": {
            "creation_timestamp": "2023-11-27T06:19:28.138-08:00",
            "description": "",
            "external_ipv6_prefix": "",
            "fingerprint": null,
            "gateway_address": "10.10.0.1",
            "id": "projects/deix-test-398321/regions/us-central1/subnetworks/deix-test-398321-subnet",
            "ip_cidr_range": "10.10.0.0/24",
            "ipv6_access_type": "",
            "ipv6_cidr_range": "",
            "log_config": [],
            "name": "deix-test-398321-subnet",
            "network": "https://www.googleapis.com/compute/v1/projects/deix-test-398321/global/networks/deix-test-398321-vpc",
            "private_ip_google_access": false,
            "private_ipv6_google_access": "DISABLE_GOOGLE_ACCESS",
            "project": "deix-test-398321",
            "purpose": "PRIVATE",
            "region": "us-central1",
            "role": "",
            "secondary_ip_range": [],
            "self_link": "https://www.googleapis.com/compute/v1/projects/deix-test-398321/regions/us-central1/subnetworks/deix-test-398321-subnet",
            "stack_type": "IPV4_ONLY",
            "timeouts": null
          },
          "sensitive_attributes": [],
          "private": "eyJlMmJmYjczMC1lY2FhLTExZTYtOGY4OC0zNDM2M2JjN2M0YzAiOnsiY3JlYXRlIjoxMjAwMDAwMDAwMDAwLCJkZWxldGUiOjEyMDAwMDAwMDAwMDAsInVwZGF0ZSI6MTIwMDAwMDAwMDAwMH19",
          "dependencies": [
            "google_compute_network.vpc"
          ]
        }
      ]
    },
    {
      "mode": "managed",
      "type": "google_container_cluster",
      "name": "primary",
      "provider": "provider[\"registry.terraform.io/hashicorp/google\"]",
      "instances": [
        {
          "schema_version": 1,
          "attributes": {
            "addons_config": [
              {
                "cloudrun_config": [],
                "config_connector_config": [],
                "dns_cache_config": [],
                "gce_persistent_disk_csi_driver_config": [
                  {
                    "enabled": true
                  }
                ],
                "gcp_filestore_csi_driver_config": [],
                "gke_backup_agent_config": [],
                "horizontal_pod_autoscaling": [],
                "http_load_balancing": [],
                "network_policy_config": [
                  {
                    "disabled": true
                  }
                ]
              }
            ],
            "authenticator_groups_config": [],
            "binary_authorization": [
              {
                "enabled": false,
                "evaluation_mode": ""
              }
            ],
            "cluster_autoscaling": [
              {
                "auto_provisioning_defaults": [],
                "enabled": false,
                "resource_limits": []
              }
            ],
            "cluster_ipv4_cidr": "10.252.0.0/14",
            "confidential_nodes": [],
            "cost_management_config": [],
            "database_encryption": [
              {
                "key_name": "",
                "state": "DECRYPTED"
              }
            ],
            "datapath_provider": "",
            "default_max_pods_per_node": null,
            "default_snat_status": [
              {
                "disabled": false
              }
            ],
            "description": "",
            "dns_config": [],
            "enable_autopilot": false,
            "enable_binary_authorization": false,
            "enable_intranode_visibility": false,
            "enable_kubernetes_alpha": false,
            "enable_l4_ilb_subsetting": false,
            "enable_legacy_abac": false,
            "enable_shielded_nodes": true,
            "enable_tpu": false,
            "endpoint": "104.154.240.255",
            "gateway_api_config": [],
            "id": "projects/deix-test-398321/locations/us-central1/clusters/deix-test-398321-gke",
            "initial_node_count": 1,
            "ip_allocation_policy": [],
            "label_fingerprint": "a9dc16a7",
            "location": "us-central1",
            "logging_config": [
              {
                "enable_components": [
                  "SYSTEM_COMPONENTS",
                  "WORKLOADS"
                ]
              }
            ],
            "logging_service": "logging.googleapis.com/kubernetes",
            "maintenance_policy": [],
            "master_auth": [
              {
                "client_certificate": "",
                "client_certificate_config": [
                  {
                    "issue_client_certificate": false
                  }
                ],
                "client_key": "",
                "cluster_ca_certificate": "LS0tLS1CRUdJTiBDRVJUSUZJQ0FURS0tLS0tCk1JSUVMVENDQXBXZ0F3SUJBZ0lSQUxTYmlRWDVUem9lL1EvY1E0ajRnQjB3RFFZSktvWklodmNOQVFFTEJRQXcKTHpFdE1Dc0dBMVVFQXhNa01UZGpaREZpT0RFdE5UYzVNQzAwWW1aa0xXSmlOamd0T0RKa01UWmhNemMwTW1aagpNQ0FYRFRJek1URXlOekV6TVRrek9Wb1lEekl3TlRNeE1URTVNVFF4T1RNNVdqQXZNUzB3S3dZRFZRUURFeVF4Ck4yTmtNV0k0TVMwMU56a3dMVFJpWm1RdFltSTJPQzA0TW1ReE5tRXpOelF5Wm1Nd2dnR2lNQTBHQ1NxR1NJYjMKRFFFQkFRVUFBNElCandBd2dnR0tBb0lCZ1FEMmMrZ1dLT2lzTWdaRVdXRzBhQklKeTB1TDBsT293S3NVRFB6TApMdzNjSlppUVp5STM2YVNadHJrb3NBWVAvb1ZldGJkVFFwZVpEMTJycHVyWTJacVdrZ25FYlJ4TG9HaVpSVUh6CjhSeTVUZENMVU03TzIwNndNUzNZcUxzVjJqY2pwVmRZMDJtajc4Q3d4K2lxazltMWZGN2p0M3Q3SXRaeVhQMkQKV3dMSXhZek9IUlA2U2toYU5hN0FTMHA2MjhTQVExNGIwTFNWMjdHNU9RTlEzTmc5cEV5N2Y0MnZRMXhRQlBoVgpXUDJHYzR5QjZNbkoxdXRrV2VROFRYU05mNnp6MjBsNFFZYVIrL3ZUS3NMSUVsZ25KTTB5bnhiSXRDU256VDdICnBVUmRDSWc1OTZVZ2Z2NEh5akJYamVyYzQ3eTh3ay9tTHNVU3JCRzM5UVh5dVFNTnhJMTBGMHBqOHZCQldXQ0YKd2RvNGFQZHBITnNnczlHM0FyWkVpNDNQSnJPNnlIS21tZm5HMDc5MGtjRUl4UjBYYTVGY2p0dkJXQlVVV1QzNgpEUU5RNkh0bDJ5eUJBN0JraWpWdFl4YStlQytJTU5iT2l1djFPVWlhVkVCVm9LQ01wdC84aW4xb0dVcFc2NE1HCk8rUTN0N3pBZGoxZmxYZVlETEF6aTEvME1Kc0NBd0VBQWFOQ01FQXdEZ1lEVlIwUEFRSC9CQVFEQWdJRU1BOEcKQTFVZEV3RUIvd1FGTUFNQkFmOHdIUVlEVlIwT0JCWUVGTG9DSWFSSkxRN05VMlZEd3gxWFV5VDVCWUtETUEwRwpDU3FHU0liM0RRRUJDd1VBQTRJQmdRQkhQbGMxWDBHZWowZzRVQ04zVStYSFhRSGJaT2FSbmhRS2tLVTBXQjkyCkdHK0dvbDV0czZ3eHVsRC83MUVZK2tpVkFYRmZHWkdDcjJuYW52VWRxNDV5RDlLTDdrVTFod1M2SHNFUVF6UGoKb28vNkQ2dVk3V0dIdldxZmtBaktqMk5GeklkMVRDRTE1Q3U5eWhzWUNRZ2tKSnhYVmhDVTRTdm9ZK241b2ZSWApMUDJ1WWhrMGtoK29rUHJ1UUlxRm8zMkg2OUxHaDRWR1R2Y0ZoNzg3ZDRWdVNMRktVNkRLZVgxMkVhSDhBTklEClE3QVkyRytFM2k0TzlKWDArZEJOdFhGOU02THcxS1E1dGkvT2FjQ3lFT092ZjV0czlvVXZ5OHJNcmlqaEs5b2YKck8zVUtJTE1OcW4vSXBURUo5aVBZQ2RXajhmYUVIZXd4cmVQM25PNmxLMWNJVE9SeVlNS1kxSWFYVmJoRDZGMgp1cEFnbGc1WnBnd0xIVzZUNWpROFVzK1NScHd5azdySnFaa3N3NkFuU3N1Z0ROZ1pGM3cvellPUFp3cFA2YzZLCktoWDdVM2R1bFF6S1BvM1E4OXBZME0veUl2cTBIRVNUNjJua2tzK3h1U1lpYktaR3lBRkxJSGN2VHliWWNtTUYKNHpSTGNKeU1tMmY5dmNvYkFrWEs0NWs9Ci0tLS0tRU5EIENFUlRJRklDQVRFLS0tLS0K"
              }
            ],
            "master_authorized_networks_config": [],
            "master_version": "1.27.3-gke.100",
            "mesh_certificates": [],
            "min_master_version": null,
            "monitoring_config": [
              {
                "enable_components": [
                  "SYSTEM_COMPONENTS"
                ],
                "managed_prometheus": [
                  {
                    "enabled": true
                  }
                ]
              }
            ],
            "monitoring_service": "monitoring.googleapis.com/kubernetes",
            "name": "deix-test-398321-gke",
            "network": "projects/deix-test-398321/global/networks/deix-test-398321-vpc",
            "network_policy": [
              {
                "enabled": false,
                "provider": "PROVIDER_UNSPECIFIED"
              }
            ],
            "networking_mode": "ROUTES",
            "node_config": [],
            "node_locations": [
              "us-central1-a",
              "us-central1-b",
              "us-central1-f"
            ],
            "node_pool": [],
            "node_pool_defaults": [
              {
                "node_config_defaults": [
                  {
                    "logging_variant": "DEFAULT"
                  }
                ]
              }
            ],
            "node_version": "1.27.3-gke.100",
            "notification_config": [
              {
                "pubsub": [
                  {
                    "enabled": false,
                    "filter": [],
                    "topic": ""
                  }
                ]
              }
            ],
            "operation": null,
            "private_cluster_config": [
              {
                "enable_private_endpoint": false,
                "enable_private_nodes": false,
                "master_global_access_config": [
                  {
                    "enabled": false
                  }
                ],
                "master_ipv4_cidr_block": "",
                "peering_name": "",
                "private_endpoint": "10.10.0.2",
                "private_endpoint_subnetwork": "",
                "public_endpoint": "104.154.240.255"
              }
            ],
            "private_ipv6_google_access": "",
            "project": "deix-test-398321",
            "release_channel": [
              {
                "channel": "REGULAR"
              }
            ],
            "remove_default_node_pool": true,
            "resource_labels": null,
            "resource_usage_export_config": [],
            "security_posture_config": [
              {
                "mode": "BASIC",
                "vulnerability_mode": "VULNERABILITY_MODE_UNSPECIFIED"
              }
            ],
            "self_link": "https://container.googleapis.com/v1/projects/deix-test-398321/locations/us-central1/clusters/deix-test-398321-gke",
            "service_external_ips_config": [
              {
                "enabled": false
              }
            ],
            "services_ipv4_cidr": "10.255.240.0/20",
            "subnetwork": "projects/deix-test-398321/regions/us-central1/subnetworks/deix-test-398321-subnet",
            "timeouts": null,
            "tpu_ipv4_cidr_block": "",
            "vertical_pod_autoscaling": [],
            "workload_identity_config": []
          },
          "sensitive_attributes": [],
          "private": "eyJlMmJmYjczMC1lY2FhLTExZTYtOGY4OC0zNDM2M2JjN2M0YzAiOnsiY3JlYXRlIjoyNDAwMDAwMDAwMDAwLCJkZWxldGUiOjI0MDAwMDAwMDAwMDAsInJlYWQiOjI0MDAwMDAwMDAwMDAsInVwZGF0ZSI6MzYwMDAwMDAwMDAwMH0sInNjaGVtYV92ZXJzaW9uIjoiMSJ9",
          "dependencies": [
            "google_compute_network.vpc",
            "google_compute_subnetwork.subnet"
          ]
        }
      ]
    },
    {
      "mode": "managed",
      "type": "google_container_node_pool",
      "name": "primary_nodes",
      "provider": "provider[\"registry.terraform.io/hashicorp/google\"]",
      "instances": [
        {
          "schema_version": 1,
          "attributes": {
            "autoscaling": [],
            "cluster": "deix-test-398321-gke",
            "id": "projects/deix-test-398321/locations/us-central1/clusters/deix-test-398321-gke/nodePools/deix-test-398321-gke",
            "initial_node_count": 2,
            "instance_group_urls": [
              "https://www.googleapis.com/compute/v1/projects/deix-test-398321/zones/us-central1-f/instanceGroupManagers/gke-deix-test-398321-deix-test-398321-102e4ceb-grp",
              "https://www.googleapis.com/compute/v1/projects/deix-test-398321/zones/us-central1-a/instanceGroupManagers/gke-deix-test-398321-deix-test-398321-c0f04b2e-grp",
              "https://www.googleapis.com/compute/v1/projects/deix-test-398321/zones/us-central1-b/instanceGroupManagers/gke-deix-test-398321-deix-test-398321-b546f556-grp"
            ],
            "location": "us-central1",
            "managed_instance_group_urls": [
              "https://www.googleapis.com/compute/v1/projects/deix-test-398321/zones/us-central1-f/instanceGroups/gke-deix-test-398321-deix-test-398321-102e4ceb-grp",
              "https://www.googleapis.com/compute/v1/projects/deix-test-398321/zones/us-central1-a/instanceGroups/gke-deix-test-398321-deix-test-398321-c0f04b2e-grp",
              "https://www.googleapis.com/compute/v1/projects/deix-test-398321/zones/us-central1-b/instanceGroups/gke-deix-test-398321-deix-test-398321-b546f556-grp"
            ],
            "management": [
              {
                "auto_repair": true,
                "auto_upgrade": true
              }
            ],
            "max_pods_per_node": null,
            "name": "deix-test-398321-gke",
            "name_prefix": "",
            "network_config": [
              {
                "create_pod_range": false,
                "enable_private_nodes": false,
                "pod_cidr_overprovision_config": [],
                "pod_ipv4_cidr_block": "",
                "pod_range": ""
              }
            ],
            "node_config": [
              {
                "advanced_machine_features": [],
                "boot_disk_kms_key": "",
                "disk_size_gb": 100,
                "disk_type": "pd-balanced",
                "ephemeral_storage_local_ssd_config": [],
                "gcfs_config": [],
                "guest_accelerator": [],
                "gvnic": [],
                "image_type": "COS_CONTAINERD",
                "kubelet_config": [],
                "labels": {
                  "env": "deix-test-398321"
                },
                "linux_node_config": [],
                "local_nvme_ssd_block_config": [],
                "local_ssd_count": 0,
                "logging_variant": "DEFAULT",
                "machine_type": "n1-standard-1",
                "metadata": {
                  "disable-legacy-endpoints": "true"
                },
                "min_cpu_platform": "",
                "node_group": "",
                "oauth_scopes": [
                  "https://www.googleapis.com/auth/logging.write",
                  "https://www.googleapis.com/auth/monitoring"
                ],
                "preemptible": false,
                "reservation_affinity": [],
                "resource_labels": null,
                "service_account": "default",
                "shielded_instance_config": [
                  {
                    "enable_integrity_monitoring": true,
                    "enable_secure_boot": false
                  }
                ],
                "sole_tenant_config": [],
                "spot": false,
                "tags": [
                  "gke-node",
                  "deix-test-398321-gke"
                ],
                "taint": [],
                "workload_metadata_config": []
              }
            ],
            "node_count": 2,
            "node_locations": [
              "us-central1-a",
              "us-central1-b",
              "us-central1-f"
            ],
            "operation": null,
            "placement_policy": [],
            "project": "deix-test-398321",
            "timeouts": null,
            "upgrade_settings": [
              {
                "blue_green_settings": [],
                "max_surge": 1,
                "max_unavailable": 0,
                "strategy": "SURGE"
              }
            ],
            "version": "1.27.4-gke.900"
          },
          "sensitive_attributes": [],
          "private": "eyJlMmJmYjczMC1lY2FhLTExZTYtOGY4OC0zNDM2M2JjN2M0YzAiOnsiY3JlYXRlIjoxODAwMDAwMDAwMDAwLCJkZWxldGUiOjE4MDAwMDAwMDAwMDAsInVwZGF0ZSI6MTgwMDAwMDAwMDAwMH0sInNjaGVtYV92ZXJzaW9uIjoiMSJ9",
          "dependencies": [
            "data.google_container_engine_versions.gke_version",
            "google_compute_network.vpc",
            "google_compute_subnetwork.subnet",
            "google_container_cluster.primary"
          ]
        }
      ]
    }
  ],
  "check_results": null
}
